<?xml version="1.0" encoding="utf-8"?>
<Project ToolsVersion="4.0" xmlns="http://schemas.microsoft.com/developer/msbuild/2003">
  <ItemGroup>
    <Filter Include="Source Files">
      <UniqueIdentifier>{4FC737F1-C7A5-4376-A066-2A32D752A2FF}</UniqueIdentifier>
      <Extensions>cpp;c;cc;cxx;c++;cppm;ixx;def;odl;idl;hpj;bat;asm;asmx</Extensions>
    </Filter>
    <Filter Include="Header Files">
      <UniqueIdentifier>{93995380-89BD-4b04-88EB-625FBE52EBFB}</UniqueIdentifier>
      <Extensions>h;hh;hpp;hxx;h++;hm;inl;inc;ipp;xsd</Extensions>
    </Filter>
    <Filter Include="Header Files\replay">
      <UniqueIdentifier>{ba8f3ded-938b-4e19-bd44-5707322c08dc}</UniqueIdentifier>
    </Filter>
    <Filter Include="Header Files\fbxsdk">
      <UniqueIdentifier>{8772bca9-8f81-4bab-a2c1-6ac9e84d9ee6}</UniqueIdentifier>
    </Filter>
    <Filter Include="Source Files\fmt">
      <UniqueIdentifier>{46341676-8d35-4dd7-9e40-5f2ad6419336}</UniqueIdentifier>
    </Filter>
  </ItemGroup>
  <ItemGroup>
    <ClCompile Include="Main.cpp">
      <Filter>Source Files</Filter>
    </ClCompile>
    <ClCompile Include="GowReplayer.cpp">
      <Filter>Source Files</Filter>
    </ClCompile>
    <ClCompile Include="Log.cpp">
      <Filter>Source Files</Filter>
    </ClCompile>
    <ClCompile Include="fmt\src\format.cc">
      <Filter>Source Files\fmt</Filter>
    </ClCompile>
    <ClCompile Include="fmt\src\os.cc">
      <Filter>Source Files\fmt</Filter>
    </ClCompile>
    <ClCompile Include="FbxBuilder.cpp">
      <Filter>Source Files</Filter>
    </ClCompile>
  </ItemGroup>
  <ItemGroup>
    <ClInclude Include="GowReplayer.h">
      <Filter>Header Files</Filter>
    </ClInclude>
    <ClInclude Include="fbxsdk\include\fbxsdk.h">
      <Filter>Header Files\fbxsdk</Filter>
    </ClInclude>
    <ClInclude Include="replay\include\apidefs.h">
      <Filter>Header Files\replay</Filter>
    </ClInclude>
    <ClInclude Include="replay\include\capture_options.h">
      <Filter>Header Files\replay</Filter>
    </ClInclude>
    <ClInclude Include="replay\include\common_pipestate.h">
      <Filter>Header Files\replay</Filter>
    </ClInclude>
    <ClInclude Include="replay\include\control_types.h">
      <Filter>Header Files\replay</Filter>
    </ClInclude>
    <ClInclude Include="replay\include\d3d11_pipestate.h">
      <Filter>Header Files\replay</Filter>
    </ClInclude>
    <ClInclude Include="replay\include\d3d12_pipestate.h">
      <Filter>Header Files\replay</Filter>
    </ClInclude>
    <ClInclude Include="replay\include\data_types.h">
      <Filter>Header Files\replay</Filter>
    </ClInclude>
    <ClInclude Include="replay\include\gl_pipestate.h">
      <Filter>Header Files\replay</Filter>
    </ClInclude>
    <ClInclude Include="replay\include\pipestate.h">
      <Filter>Header Files\replay</Filter>
    </ClInclude>
    <ClInclude Include="replay\include\rdcarray.h">
      <Filter>Header Files\replay</Filter>
    </ClInclude>
    <ClInclude Include="replay\include\rdcdatetime.h">
      <Filter>Header Files\replay</Filter>
    </ClInclude>
    <ClInclude Include="replay\include\rdcflatmap.h">
      <Filter>Header Files\replay</Filter>
    </ClInclude>
    <ClInclude Include="replay\include\rdcpair.h">
      <Filter>Header Files\replay</Filter>
    </ClInclude>
    <ClInclude Include="replay\include\rdcstr.h">
      <Filter>Header Files\replay</Filter>
    </ClInclude>
    <ClInclude Include="replay\include\renderdoc_replay.h">
      <Filter>Header Files\replay</Filter>
    </ClInclude>
    <ClInclude Include="replay\include\replay_enums.h">
      <Filter>Header Files\replay</Filter>
    </ClInclude>
    <ClInclude Include="replay\include\resourceid.h">
      <Filter>Header Files\replay</Filter>
    </ClInclude>
    <ClInclude Include="replay\include\shader_types.h">
      <Filter>Header Files\replay</Filter>
    </ClInclude>
    <ClInclude Include="replay\include\stringise.h">
      <Filter>Header Files\replay</Filter>
    </ClInclude>
    <ClInclude Include="replay\include\structured_data.h">
      <Filter>Header Files\replay</Filter>
    </ClInclude>
    <ClInclude Include="replay\include\version.h">
      <Filter>Header Files\replay</Filter>
    </ClInclude>
    <ClInclude Include="replay\include\vk_pipestate.h">
      <Filter>Header Files\replay</Filter>
    </ClInclude>
    <ClInclude Include="Log.h">
      <Filter>Header Files</Filter>
    </ClInclude>
    <ClInclude Include="FbxBuilder.h">
      <Filter>Header Files</Filter>
    </ClInclude>
  </ItemGroup>
  <ItemGroup>
    <None Include="replay\include\renderdoc_tostr.inl">
      <Filter>Header Files\replay</Filter>
    </None>
    <None Include="replay\include\pipestate.inl">
      <Filter>Header Files\replay</Filter>
    </None>
  </ItemGroup>
  <ItemGroup>
    <Natvis Include="glm.natvis" />
    <Natvis Include="renderdoc.natvis" />
  </ItemGroup>
</Project>